
Microsoft Visual Studio Solution File, Format Version 12.00
# Visual Studio Version 17
VisualStudioVersion = 17.13.35828.75
MinimumVisualStudioVersion = 10.0.40219.1
Project("{FAE04EC0-301F-11D3-BF4B-00C04F79EFBC}") = "ShopApp.Client", "ShopApp.Client\ShopApp.Client.csproj", "{6901F073-64BC-4EA4-BE29-74DAA6758CAA}"
EndProject
Project("{FAE04EC0-301F-11D3-BF4B-00C04F79EFBC}") = "ShopApp.Server", "ShopApp.Server\ShopApp.Server.csproj", "{935BE125-BAE8-1895-CFC7-90510891B422}"
EndProject
Project("{FAE04EC0-301F-11D3-BF4B-00C04F79EFBC}") = "ShopApp.Infrastructure", "ShopApp.Infrastructure\ShopApp.Infrastructure.csproj", "{063181A1-364F-48AB-895F-6F344735F665}"
EndProject
Project("{FAE04EC0-301F-11D3-BF4B-00C04F79EFBC}") = "ShopApp.Core", "ShopApp.Core\ShopApp.Core.csproj", "{1F4DC78D-1F58-4787-B9C3-AC7AA208D4EC}"
EndProject
Project("{FAE04EC0-301F-11D3-BF4B-00C04F79EFBC}") = "ShopApp.UseCases", "ShopApp.UseCases\ShopApp.UseCases.csproj", "{2AB16278-82B2-44D9-AC90-99FBF40C474A}"
EndProject
Project("{FAE04EC0-301F-11D3-BF4B-00C04F79EFBC}") = "ShopApp.Shared", "ShopApp.Shared\ShopApp.Shared.csproj", "{95C37C2D-D51B-46A7-A5D1-A8949AF1137E}"
EndProject
Global
	GlobalSection(SolutionConfigurationPlatforms) = preSolution
		Debug|Any CPU = Debug|Any CPU
		Release|Any CPU = Release|Any CPU
	EndGlobalSection
	GlobalSection(ProjectConfigurationPlatforms) = postSolution
		{6901F073-64BC-4EA4-BE29-74DAA6758CAA}.Debug|Any CPU.ActiveCfg = Debug|Any CPU
		{6901F073-64BC-4EA4-BE29-74DAA6758CAA}.Debug|Any CPU.Build.0 = Debug|Any CPU
		{6901F073-64BC-4EA4-BE29-74DAA6758CAA}.Release|Any CPU.ActiveCfg = Release|Any CPU
		{6901F073-64BC-4EA4-BE29-74DAA6758CAA}.Release|Any CPU.Build.0 = Release|Any CPU
		{935BE125-BAE8-1895-CFC7-90510891B422}.Debug|Any CPU.ActiveCfg = Debug|Any CPU
		{935BE125-BAE8-1895-CFC7-90510891B422}.Debug|Any CPU.Build.0 = Debug|Any CPU
		{935BE125-BAE8-1895-CFC7-90510891B422}.Release|Any CPU.ActiveCfg = Release|Any CPU
		{935BE125-BAE8-1895-CFC7-90510891B422}.Release|Any CPU.Build.0 = Release|Any CPU
		{063181A1-364F-48AB-895F-6F344735F665}.Debug|Any CPU.ActiveCfg = Debug|Any CPU
		{063181A1-364F-48AB-895F-6F344735F665}.Debug|Any CPU.Build.0 = Debug|Any CPU
		{063181A1-364F-48AB-895F-6F344735F665}.Release|Any CPU.ActiveCfg = Release|Any CPU
		{063181A1-364F-48AB-895F-6F344735F665}.Release|Any CPU.Build.0 = Release|Any CPU
		{1F4DC78D-1F58-4787-B9C3-AC7AA208D4EC}.Debug|Any CPU.ActiveCfg = Debug|Any CPU
		{1F4DC78D-1F58-4787-B9C3-AC7AA208D4EC}.Debug|Any CPU.Build.0 = Debug|Any CPU
		{1F4DC78D-1F58-4787-B9C3-AC7AA208D4EC}.Release|Any CPU.ActiveCfg = Release|Any CPU
		{1F4DC78D-1F58-4787-B9C3-AC7AA208D4EC}.Release|Any CPU.Build.0 = Release|Any CPU
		{2AB16278-82B2-44D9-AC90-99FBF40C474A}.Debug|Any CPU.ActiveCfg = Debug|Any CPU
		{2AB16278-82B2-44D9-AC90-99FBF40C474A}.Debug|Any CPU.Build.0 = Debug|Any CPU
		{2AB16278-82B2-44D9-AC90-99FBF40C474A}.Release|Any CPU.ActiveCfg = Release|Any CPU
		{2AB16278-82B2-44D9-AC90-99FBF40C474A}.Release|Any CPU.Build.0 = Release|Any CPU
		{95C37C2D-D51B-46A7-A5D1-A8949AF1137E}.Debug|Any CPU.ActiveCfg = Debug|Any CPU
		{95C37C2D-D51B-46A7-A5D1-A8949AF1137E}.Debug|Any CPU.Build.0 = Debug|Any CPU
		{95C37C2D-D51B-46A7-A5D1-A8949AF1137E}.Release|Any CPU.ActiveCfg = Release|Any CPU
		{95C37C2D-D51B-46A7-A5D1-A8949AF1137E}.Release|Any CPU.Build.0 = Release|Any CPU
	EndGlobalSection
	GlobalSection(SolutionProperties) = preSolution
		HideSolutionNode = FALSE
	EndGlobalSection
	GlobalSection(ExtensibilityGlobals) = postSolution
		SolutionGuid = {0ABF4098-BDAA-4BF2-80D4-8031EB26BFF5}
	EndGlobalSection
EndGlobal
